
Microsoft Visual Studio Solution File, Format Version 12.00
Project("{FAE04EC0-301F-11D3-BF4B-00C04F79EFBC}") = "TotpManager", "TotpManager\TotpManager.csproj", "{C7C77EAA-248E-499E-9079-5F33B2E826B3}"
EndProject
Project("{FAE04EC0-301F-11D3-BF4B-00C04F79EFBC}") = "WinFormsApp1", "App\App.csproj", "{859F2E94-5308-4226-BA29-58D50409B0EC}"
EndProject
Global
	GlobalSection(SolutionConfigurationPlatforms) = preSolution
		Debug|Any CPU = Debug|Any CPU
		Debug|x64 = Debug|x64
		Debug|x86 = Debug|x86
		Release|Any CPU = Release|Any CPU
		Release|x64 = Release|x64
		Release|x86 = Release|x86
	EndGlobalSection
	GlobalSection(ProjectConfigurationPlatforms) = postSolution
		{C7C77EAA-248E-499E-9079-5F33B2E826B3}.Debug|Any CPU.ActiveCfg = Debug|Any CPU
		{C7C77EAA-248E-499E-9079-5F33B2E826B3}.Debug|Any CPU.Build.0 = Debug|Any CPU
		{C7C77EAA-248E-499E-9079-5F33B2E826B3}.Debug|x64.ActiveCfg = Debug|Any CPU
		{C7C77EAA-248E-499E-9079-5F33B2E826B3}.Debug|x64.Build.0 = Debug|Any CPU
		{C7C77EAA-248E-499E-9079-5F33B2E826B3}.Debug|x86.ActiveCfg = Debug|Any CPU
		{C7C77EAA-248E-499E-9079-5F33B2E826B3}.Debug|x86.Build.0 = Debug|Any CPU
		{C7C77EAA-248E-499E-9079-5F33B2E826B3}.Release|Any CPU.ActiveCfg = Release|Any CPU
		{C7C77EAA-248E-499E-9079-5F33B2E826B3}.Release|Any CPU.Build.0 = Release|Any CPU
		{C7C77EAA-248E-499E-9079-5F33B2E826B3}.Release|x64.ActiveCfg = Release|Any CPU
		{C7C77EAA-248E-499E-9079-5F33B2E826B3}.Release|x64.Build.0 = Release|Any CPU
		{C7C77EAA-248E-499E-9079-5F33B2E826B3}.Release|x86.ActiveCfg = Release|Any CPU
		{C7C77EAA-248E-499E-9079-5F33B2E826B3}.Release|x86.Build.0 = Release|Any CPU
		{859F2E94-5308-4226-BA29-58D50409B0EC}.Debug|Any CPU.ActiveCfg = Debug|Any CPU
		{859F2E94-5308-4226-BA29-58D50409B0EC}.Debug|Any CPU.Build.0 = Debug|Any CPU
		{859F2E94-5308-4226-BA29-58D50409B0EC}.Debug|x64.ActiveCfg = Debug|Any CPU
		{859F2E94-5308-4226-BA29-58D50409B0EC}.Debug|x64.Build.0 = Debug|Any CPU
		{859F2E94-5308-4226-BA29-58D50409B0EC}.Debug|x86.ActiveCfg = Debug|Any CPU
		{859F2E94-5308-4226-BA29-58D50409B0EC}.Debug|x86.Build.0 = Debug|Any CPU
		{859F2E94-5308-4226-BA29-58D50409B0EC}.Release|Any CPU.ActiveCfg = Release|Any CPU
		{859F2E94-5308-4226-BA29-58D50409B0EC}.Release|Any CPU.Build.0 = Release|Any CPU
		{859F2E94-5308-4226-BA29-58D50409B0EC}.Release|x64.ActiveCfg = Release|Any CPU
		{859F2E94-5308-4226-BA29-58D50409B0EC}.Release|x64.Build.0 = Release|Any CPU
		{859F2E94-5308-4226-BA29-58D50409B0EC}.Release|x86.ActiveCfg = Release|Any CPU
		{859F2E94-5308-4226-BA29-58D50409B0EC}.Release|x86.Build.0 = Release|Any CPU
	EndGlobalSection
	GlobalSection(SolutionProperties) = preSolution
		HideSolutionNode = FALSE
	EndGlobalSection
EndGlobal
